{
  "name": "pka-physical-baseline-harness",
  "version": "1.0.0",
  "lockfileVersion": 3,
  "requires": true,
  "packages": {
    "": {
      "name": "pka-physical-baseline-harness",
      "version": "1.0.0",
      "license": "UNLICENSED",
      "dependencies": {
        "@rdkit/rdkit": "^2025.3.4-1.0.0",
        "ml-matrix": "^6.15.0"
      }
    },
    "node_modules/@rdkit/rdkit": {
      "version": "2025.3.4-1.0.0",
      "resolved": "https://registry.npmjs.org/@rdkit/rdkit/-/rdkit-2025.3.4-1.0.0.tgz",
      "integrity": "sha512-MJzNoeW2SWt2KCdIibfY213uLWyHZjFfS2ntJ/HuYNHdu6dEiim7jb6ZMU9wnt9Oovkc85BHMuupxkufIMvftQ=="
    },
    "node_modules/is-any-array": {
      "version": "3.0.0",
      "resolved": "https://registry.npmjs.org/is-any-array/-/is-any-array-3.0.0.tgz",
      "integrity": "sha512-o4h+tylWykC4BD1vaejp6gDxoM13bwW8FGuNs4yIKpj8xbBJcRxJx8vZpq0dCr7ZDEfeKjmsi/euolKhX6f/ww=="
    },
    "node_modules/ml-array-max": {
      "version": "2.0.0",
      "resolved": "https://registry.npmjs.org/ml-array-max/-/ml-array-max-2.0.0.tgz",
      "integrity": "sha512-QQZ4kENwpWmyNb98UXRDFXrmtIXuXtt1+bSbda/2KA85+F+rrJP8hZk6QOkCQXM2Th9mUDYdq/PNByPdT9ID4A==",
      "dependencies": {
        "is-any-array": "^3.0.0"
      }
    },
    "node_modules/ml-array-min": {
      "version": "2.0.0",
      "resolved": "https://registry.npmjs.org/ml-array-min/-/ml-array-min-2.0.0.tgz",
      "integrity": "sha512-GRj6Ky6sW9vGL6yIjgsHmXZ9YgrdmcQ8nCxPqEGeKc6dkfYg1XDYxGFxADUjNuZyoCd5PUscWAS4N+cFaX6hFg==",
      "dependencies": {
        "is-any-array": "^3.0.0"
      }
    },
    "node_modules/ml-array-rescale": {
      "version": "2.0.0",
      "resolved": "https://registry.npmjs.org/ml-array-rescale/-/ml-array-rescale-2.0.0.tgz",
      "integrity": "sha512-2GGtKfSno94/kIloWGvpp/U5Q5vLvLrza+SAaGsLeo6Xj4mEbA6Gqx+oTfZFkxnd1grT2X007HfJNs3T5BsiVg==",
      "dependencies": {
        "is-any-array": "^3.0.0",
        "ml-array-max": "^2.0.0",
        "ml-array-min": "^2.0.0"
      }
    },
    "node_modules/ml-matrix": {
      "version": "6.15.0",
      "resolved": "https://registry.npmjs.org/ml-matrix/-/ml-matrix-6.15.0.tgz",
      "integrity": "sha512-wFa1v6KP8bKp+fj0nYmRs1Pb5K4zRkXGKsOvLinvILENFIADncm4XlOI+S1M7yuACMGfI6cfk0IifDgd4j5xmw==",
      "dependencies": {
        "is-any-array": "^3.0.0",
        "ml-array-rescale": "^2.0.0"
      }
    }
  }
}
